# @generated by Move, please check-in and do not edit manually.

[move]
version = 2
manifest_digest = "434EBE93FF8F1307A7C6CC4D895C2017184385D7222BFB16C55A5EB5D6F1A641"
deps_digest = "F8BBB0CCB2491CA29A3DF03D6F92277A4F3574266507ACD77214D37ECA3F3082"
dependencies = [
  { name = "Sui" },
]

[[move.package]]
name = "MoveStdlib"
source = { local = "/Users/thangpham/Documents/Move Learning/Move_Code_Example/crates/sui-framework/packages/move-stdlib" }

[[move.package]]
name = "Sui"
source = { local = "/Users/thangpham/Documents/Move Learning/Move_Code_Example/crates/sui-framework/packages/sui-framework" }

dependencies = [
  { name = "MoveStdlib" },
]

[move.toolchain-version]
compiler-version = "1.26.0"
edition = "2024.beta"
flavor = "sui"
